
Microsoft Visual Studio Solution File, Format Version 12.00
# Visual Studio Version 16
VisualStudioVersion = 16.0.30011.22
MinimumVisualStudioVersion = 10.0.40219.1
Project("{9A19103F-16F7-4668-BE54-9A1E7A4F7556}") = "LastMinute.WebAPI", "LastMinute\LastMinute.WebAPI\LastMinute.WebAPI.csproj", "{2E8DB00C-DEF8-43F2-89F5-2DE22AEB1D56}"
EndProject
Project("{9A19103F-16F7-4668-BE54-9A1E7A4F7556}") = "WebApi", "..\..\INNE\C#\Core\aspnet-core-3-jwt-authentication-api\WebApi.csproj", "{C142A734-724A-4B61-86CD-B2B6EB9A3E59}"
EndProject
Global
	GlobalSection(SolutionConfigurationPlatforms) = preSolution
		Debug|Any CPU = Debug|Any CPU
		Release|Any CPU = Release|Any CPU
	EndGlobalSection
	GlobalSection(ProjectConfigurationPlatforms) = postSolution
		{2E8DB00C-DEF8-43F2-89F5-2DE22AEB1D56}.Debug|Any CPU.ActiveCfg = Debug|Any CPU
		{2E8DB00C-DEF8-43F2-89F5-2DE22AEB1D56}.Debug|Any CPU.Build.0 = Debug|Any CPU
		{2E8DB00C-DEF8-43F2-89F5-2DE22AEB1D56}.Release|Any CPU.ActiveCfg = Release|Any CPU
		{2E8DB00C-DEF8-43F2-89F5-2DE22AEB1D56}.Release|Any CPU.Build.0 = Release|Any CPU
		{C142A734-724A-4B61-86CD-B2B6EB9A3E59}.Debug|Any CPU.ActiveCfg = Debug|Any CPU
		{C142A734-724A-4B61-86CD-B2B6EB9A3E59}.Debug|Any CPU.Build.0 = Debug|Any CPU
		{C142A734-724A-4B61-86CD-B2B6EB9A3E59}.Release|Any CPU.ActiveCfg = Release|Any CPU
		{C142A734-724A-4B61-86CD-B2B6EB9A3E59}.Release|Any CPU.Build.0 = Release|Any CPU
	EndGlobalSection
	GlobalSection(SolutionProperties) = preSolution
		HideSolutionNode = FALSE
	EndGlobalSection
	GlobalSection(ExtensibilityGlobals) = postSolution
		SolutionGuid = {D2BF6DAD-FB2D-40B8-84E6-5B19183F60BC}
	EndGlobalSection
EndGlobal
